
Microsoft Visual Studio Solution File, Format Version 12.00
# Visual Studio 2013
VisualStudioVersion = 12.0.21005.1
MinimumVisualStudioVersion = 10.0.40219.1
Project("{FAE04EC0-301F-11D3-BF4B-00C04F79EFBC}") = "web", "web\web.csproj", "{CFA17917-7A03-4420-B196-86E315F8546A}"
EndProject
Project("{FAE04EC0-301F-11D3-BF4B-00C04F79EFBC}") = "api", "api\api.csproj", "{C718470D-4D55-4B1D-842B-E8B78BB9747C}"
EndProject
Project("{FAE04EC0-301F-11D3-BF4B-00C04F79EFBC}") = "services", "services\services.csproj", "{8CC9E5A9-5C98-40DF-BF34-3567B7E58D0A}"
EndProject
Global
	GlobalSection(SolutionConfigurationPlatforms) = preSolution
		Debug|Any CPU = Debug|Any CPU
		Release|Any CPU = Release|Any CPU
	EndGlobalSection
	GlobalSection(ProjectConfigurationPlatforms) = postSolution
		{CFA17917-7A03-4420-B196-86E315F8546A}.Debug|Any CPU.ActiveCfg = Debug|Any CPU
		{CFA17917-7A03-4420-B196-86E315F8546A}.Debug|Any CPU.Build.0 = Debug|Any CPU
		{CFA17917-7A03-4420-B196-86E315F8546A}.Release|Any CPU.ActiveCfg = Release|Any CPU
		{CFA17917-7A03-4420-B196-86E315F8546A}.Release|Any CPU.Build.0 = Release|Any CPU
		{C718470D-4D55-4B1D-842B-E8B78BB9747C}.Debug|Any CPU.ActiveCfg = Debug|Any CPU
		{C718470D-4D55-4B1D-842B-E8B78BB9747C}.Debug|Any CPU.Build.0 = Debug|Any CPU
		{C718470D-4D55-4B1D-842B-E8B78BB9747C}.Release|Any CPU.ActiveCfg = Release|Any CPU
		{C718470D-4D55-4B1D-842B-E8B78BB9747C}.Release|Any CPU.Build.0 = Release|Any CPU
		{8CC9E5A9-5C98-40DF-BF34-3567B7E58D0A}.Debug|Any CPU.ActiveCfg = Debug|Any CPU
		{8CC9E5A9-5C98-40DF-BF34-3567B7E58D0A}.Debug|Any CPU.Build.0 = Debug|Any CPU
		{8CC9E5A9-5C98-40DF-BF34-3567B7E58D0A}.Release|Any CPU.ActiveCfg = Release|Any CPU
		{8CC9E5A9-5C98-40DF-BF34-3567B7E58D0A}.Release|Any CPU.Build.0 = Release|Any CPU
	EndGlobalSection
	GlobalSection(SolutionProperties) = preSolution
		HideSolutionNode = FALSE
	EndGlobalSection
EndGlobal
